
Microsoft Visual Studio Solution File, Format Version 12.00
# Visual Studio Version 17
VisualStudioVersion = 17.6.33417.168
MinimumVisualStudioVersion = 10.0.40219.1
Project("{9A19103F-16F7-4668-BE54-9A1E7A4F7556}") = "Worker", "Worker.csproj", "{D134C87A-FD37-4D88-9207-FE603839ACB6}"
EndProject
Global
	GlobalSection(SolutionConfigurationPlatforms) = preSolution
		Debug|Any CPU = Debug|Any CPU
		Release|Any CPU = Release|Any CPU
	EndGlobalSection
	GlobalSection(ProjectConfigurationPlatforms) = postSolution
		{D134C87A-FD37-4D88-9207-FE603839ACB6}.Debug|Any CPU.ActiveCfg = Debug|Any CPU
		{D134C87A-FD37-4D88-9207-FE603839ACB6}.Debug|Any CPU.Build.0 = Debug|Any CPU
		{D134C87A-FD37-4D88-9207-FE603839ACB6}.Release|Any CPU.ActiveCfg = Release|Any CPU
		{D134C87A-FD37-4D88-9207-FE603839ACB6}.Release|Any CPU.Build.0 = Release|Any CPU
	EndGlobalSection
	GlobalSection(SolutionProperties) = preSolution
		HideSolutionNode = FALSE
	EndGlobalSection
	GlobalSection(ExtensibilityGlobals) = postSolution
		SolutionGuid = {E57E9B92-94E9-4BAF-8132-AD8F4412A25F}
	EndGlobalSection
EndGlobal
