
Microsoft Visual Studio Solution File, Format Version 12.00
# Visual Studio Version 17
VisualStudioVersion = 17.6.33417.168
MinimumVisualStudioVersion = 10.0.40219.1
Project("{9A19103F-16F7-4668-BE54-9A1E7A4F7556}") = "Worker", "Worker.csproj", "{24D6BFE5-7CB9-4DC6-A304-C27B97D0BCBF}"
EndProject
Global
	GlobalSection(SolutionConfigurationPlatforms) = preSolution
		Debug|Any CPU = Debug|Any CPU
		Release|Any CPU = Release|Any CPU
	EndGlobalSection
	GlobalSection(ProjectConfigurationPlatforms) = postSolution
		{24D6BFE5-7CB9-4DC6-A304-C27B97D0BCBF}.Debug|Any CPU.ActiveCfg = Debug|Any CPU
		{24D6BFE5-7CB9-4DC6-A304-C27B97D0BCBF}.Debug|Any CPU.Build.0 = Debug|Any CPU
		{24D6BFE5-7CB9-4DC6-A304-C27B97D0BCBF}.Release|Any CPU.ActiveCfg = Release|Any CPU
		{24D6BFE5-7CB9-4DC6-A304-C27B97D0BCBF}.Release|Any CPU.Build.0 = Release|Any CPU
	EndGlobalSection
	GlobalSection(SolutionProperties) = preSolution
		HideSolutionNode = FALSE
	EndGlobalSection
	GlobalSection(ExtensibilityGlobals) = postSolution
		SolutionGuid = {61F3390E-D07E-4A89-9C5F-4AB1BC266692}
	EndGlobalSection
EndGlobal
